{
  "name": "streamline-flamegraph",
  "version": "4.0.0",
  "lockfileVersion": 1,
  "requires": true,
  "dependencies": {
    "@types/node": {
      "version": "12.12.35",
      "resolved": "https://registry.npmjs.org/@types/node/-/node-12.12.35.tgz",
      "integrity": "sha512-ASYsaKecA7TUsDrqIGPNk3JeEox0z/0XR/WsJJ8BIX/9+SkMSImQXKWfU/yBrSyc7ZSE/NPqLu36Nur0miCFfQ=="
    },
    "colors": {
      "version": "1.4.0",
      "resolved": "https://registry.npmjs.org/colors/-/colors-1.4.0.tgz",
      "integrity": "sha512-a+UqTh4kgZg/SlGvfbzDHpgRu7AAQOmmqRHJnxhRZICKFUT91brVhNNt58CMWU9PsBbv3PDCZUHbVxuDiH2mtA=="
    },
    "commander": {
      "version": "5.0.0",
      "resolved": "https://registry.npmjs.org/commander/-/commander-5.0.0.tgz",
      "integrity": "sha512-JrDGPAKjMGSP1G0DUoaceEJ3DZgAfr/q6X7FVk4+U5KxUSKviYGM2k6zWkfyyBHy5rAtzgYJFa1ro2O9PtoxwQ=="
    },
    "detect-libc": {
      "version": "1.0.3",
      "resolved": "https://registry.npmjs.org/detect-libc/-/detect-libc-1.0.3.tgz",
      "integrity": "sha1-+hN8S9aY7fVc1c0CrFWfkaTEups=",
      "optional": true
    },
    "ez-streams": {
      "version": "4.0.0",
      "resolved": "https://registry.npmjs.org/ez-streams/-/ez-streams-4.0.0.tgz",
      "integrity": "sha512-HAifkUJEYPMZeH8dJEPalXvVAxfFv4V8zxw1NKBmPxrDtu4ji7JUWnypURXqzaXoClF/fOgU7MXu5oRao2yJ9Q==",
      "requires": {
        "@types/node": "^12.12.12",
        "streamline-node": "^3.1.2",
        "streamline-runtime": "^2.0.0"
      }
    },
    "fibers": {
      "version": "4.0.2",
      "resolved": "https://registry.npmjs.org/fibers/-/fibers-4.0.2.tgz",
      "integrity": "sha512-FhICi1K4WZh9D6NC18fh2ODF3EWy1z0gzIdV9P7+s2pRjfRBnCkMDJ6x3bV1DkVymKH8HGrQa/FNOBjYvnJ/tQ==",
      "optional": true,
      "requires": {
        "detect-libc": "^1.0.3"
      }
    },
    "regenerator-runtime": {
      "version": "0.13.5",
      "resolved": "https://registry.npmjs.org/regenerator-runtime/-/regenerator-runtime-0.13.5.tgz",
      "integrity": "sha512-ZS5w8CpKFinUzOwW3c83oPeVXoNsrLsaCoLtJvAClH135j/R77RuymhiSErhm2lKcwSCIpmvIWSbDkIfAqKQlA=="
    },
    "streamline-node": {
      "version": "3.1.2",
      "resolved": "https://registry.npmjs.org/streamline-node/-/streamline-node-3.1.2.tgz",
      "integrity": "sha512-1Z7uJF9a33CxcK3ZFPJ5uc2gihnG267jaebaIodzoGjU2yZ5q6TwiLtBvI2m0Kx3NYFPbkIVbizVxAkUazW0gw==",
      "requires": {
        "@types/node": "^8.10.34"
      },
      "dependencies": {
        "@types/node": {
          "version": "8.10.59",
          "resolved": "https://registry.npmjs.org/@types/node/-/node-8.10.59.tgz",
          "integrity": "sha512-8RkBivJrDCyPpBXhVZcjh7cQxVBSmRk9QM7hOketZzp6Tg79c0N8kkpAIito9bnJ3HCVCHVYz+KHTEbfQNfeVQ=="
        }
      }
    },
    "streamline-runtime": {
      "version": "2.0.1",
      "resolved": "https://registry.npmjs.org/streamline-runtime/-/streamline-runtime-2.0.1.tgz",
      "integrity": "sha512-o60ekfMZO1A8+n0fmkGIeyKd4Rzp0jBfZ2CEGmeNNVX4pn4xk4Iztekd0g8Y+T4EnoYqfr7dOv3KK8TUwsmOuA==",
      "requires": {
        "colors": "^1.4.0",
        "fibers": "^4.0.2",
        "regenerator-runtime": "^0.13.3"
      }
    }
  }
}
